
Microsoft Visual Studio Solution File, Format Version 12.00
# Visual Studio Version 17
VisualStudioVersion = 17.0.31903.59
MinimumVisualStudioVersion = 10.0.40219.1
Project("{2150E333-8FDC-42A3-9474-1A3956D46DE8}") = "src", "src", "{827E0CD3-B72D-47B6-A68D-7590B98EB39B}"
EndProject
Project("{FAE04EC0-301F-11D3-BF4B-00C04F79EFBC}") = "Ozakboy.TaiwanKit.TwIdValidator", "src\Ozakboy.TaiwanKit.TwIdValidator\Ozakboy.TaiwanKit.TwIdValidator.csproj", "{E5DE813B-E941-4CC5-9013-BB753DFC6E51}"
EndProject
Project("{2150E333-8FDC-42A3-9474-1A3956D46DE8}") = "tests", "tests", "{0AB3BF05-4346-4AA6-1389-037BE0695223}"
EndProject
Project("{FAE04EC0-301F-11D3-BF4B-00C04F79EFBC}") = "Ozakboy.TaiwanKit.TwIdValidator.Tests", "tests\Ozakboy.TaiwanKit.TwIdValidator.Tests\Ozakboy.TaiwanKit.TwIdValidator.Tests.csproj", "{D6EF62F5-DFA8-409A-90EC-896C4C75F8C0}"
EndProject
Global
	GlobalSection(SolutionConfigurationPlatforms) = preSolution
		Debug|Any CPU = Debug|Any CPU
		Debug|x64 = Debug|x64
		Debug|x86 = Debug|x86
		Release|Any CPU = Release|Any CPU
		Release|x64 = Release|x64
		Release|x86 = Release|x86
	EndGlobalSection
	GlobalSection(ProjectConfigurationPlatforms) = postSolution
		{E5DE813B-E941-4CC5-9013-BB753DFC6E51}.Debug|Any CPU.ActiveCfg = Debug|Any CPU
		{E5DE813B-E941-4CC5-9013-BB753DFC6E51}.Debug|Any CPU.Build.0 = Debug|Any CPU
		{E5DE813B-E941-4CC5-9013-BB753DFC6E51}.Debug|x64.ActiveCfg = Debug|Any CPU
		{E5DE813B-E941-4CC5-9013-BB753DFC6E51}.Debug|x64.Build.0 = Debug|Any CPU
		{E5DE813B-E941-4CC5-9013-BB753DFC6E51}.Debug|x86.ActiveCfg = Debug|Any CPU
		{E5DE813B-E941-4CC5-9013-BB753DFC6E51}.Debug|x86.Build.0 = Debug|Any CPU
		{E5DE813B-E941-4CC5-9013-BB753DFC6E51}.Release|Any CPU.ActiveCfg = Release|Any CPU
		{E5DE813B-E941-4CC5-9013-BB753DFC6E51}.Release|Any CPU.Build.0 = Release|Any CPU
		{E5DE813B-E941-4CC5-9013-BB753DFC6E51}.Release|x64.ActiveCfg = Release|Any CPU
		{E5DE813B-E941-4CC5-9013-BB753DFC6E51}.Release|x64.Build.0 = Release|Any CPU
		{E5DE813B-E941-4CC5-9013-BB753DFC6E51}.Release|x86.ActiveCfg = Release|Any CPU
		{E5DE813B-E941-4CC5-9013-BB753DFC6E51}.Release|x86.Build.0 = Release|Any CPU
		{D6EF62F5-DFA8-409A-90EC-896C4C75F8C0}.Debug|Any CPU.ActiveCfg = Debug|Any CPU
		{D6EF62F5-DFA8-409A-90EC-896C4C75F8C0}.Debug|Any CPU.Build.0 = Debug|Any CPU
		{D6EF62F5-DFA8-409A-90EC-896C4C75F8C0}.Debug|x64.ActiveCfg = Debug|Any CPU
		{D6EF62F5-DFA8-409A-90EC-896C4C75F8C0}.Debug|x64.Build.0 = Debug|Any CPU
		{D6EF62F5-DFA8-409A-90EC-896C4C75F8C0}.Debug|x86.ActiveCfg = Debug|Any CPU
		{D6EF62F5-DFA8-409A-90EC-896C4C75F8C0}.Debug|x86.Build.0 = Debug|Any CPU
		{D6EF62F5-DFA8-409A-90EC-896C4C75F8C0}.Release|Any CPU.ActiveCfg = Release|Any CPU
		{D6EF62F5-DFA8-409A-90EC-896C4C75F8C0}.Release|Any CPU.Build.0 = Release|Any CPU
		{D6EF62F5-DFA8-409A-90EC-896C4C75F8C0}.Release|x64.ActiveCfg = Release|Any CPU
		{D6EF62F5-DFA8-409A-90EC-896C4C75F8C0}.Release|x64.Build.0 = Release|Any CPU
		{D6EF62F5-DFA8-409A-90EC-896C4C75F8C0}.Release|x86.ActiveCfg = Release|Any CPU
		{D6EF62F5-DFA8-409A-90EC-896C4C75F8C0}.Release|x86.Build.0 = Release|Any CPU
	EndGlobalSection
	GlobalSection(SolutionProperties) = preSolution
		HideSolutionNode = FALSE
	EndGlobalSection
	GlobalSection(NestedProjects) = preSolution
		{E5DE813B-E941-4CC5-9013-BB753DFC6E51} = {827E0CD3-B72D-47B6-A68D-7590B98EB39B}
		{D6EF62F5-DFA8-409A-90EC-896C4C75F8C0} = {0AB3BF05-4346-4AA6-1389-037BE0695223}
	EndGlobalSection
EndGlobal
